
Microsoft Visual Studio Solution File, Format Version 12.00
# Visual Studio Version 16
VisualStudioVersion = 16.0.30406.217
MinimumVisualStudioVersion = 10.0.40219.1
Project("{9A19103F-16F7-4668-BE54-9A1E7A4F7556}") = "eShopSolution.WebApp", "eShopSolution.WebApp\eShopSolution.WebApp.csproj", "{66880EFA-EA41-400E-A526-6FEE132211F3}"
EndProject
Project("{2150E333-8FDC-42A3-9474-1A3956D46DE8}") = "Solution Item", "Solution Item", "{674CADB8-AFDF-4150-A1E5-4DD0FC0F116B}"
	ProjectSection(SolutionItems) = preProject
		README.md = README.md
	EndProjectSection
EndProject
Project("{FAE04EC0-301F-11D3-BF4B-00C04F79EFBC}") = "eShopSolution.Data", "eShopSolution.Data\eShopSolution.Data.csproj", "{06D414AF-2655-4568-B54F-2B66AFD995CE}"
EndProject
Project("{FAE04EC0-301F-11D3-BF4B-00C04F79EFBC}") = "eShopSolution.Application", "eShopSolution.Application\eShopSolution.Application.csproj", "{BAF58274-DA07-437E-A873-D4BA7227A317}"
EndProject
Global
	GlobalSection(SolutionConfigurationPlatforms) = preSolution
		Debug|Any CPU = Debug|Any CPU
		Release|Any CPU = Release|Any CPU
	EndGlobalSection
	GlobalSection(ProjectConfigurationPlatforms) = postSolution
		{66880EFA-EA41-400E-A526-6FEE132211F3}.Debug|Any CPU.ActiveCfg = Debug|Any CPU
		{66880EFA-EA41-400E-A526-6FEE132211F3}.Debug|Any CPU.Build.0 = Debug|Any CPU
		{66880EFA-EA41-400E-A526-6FEE132211F3}.Release|Any CPU.ActiveCfg = Release|Any CPU
		{66880EFA-EA41-400E-A526-6FEE132211F3}.Release|Any CPU.Build.0 = Release|Any CPU
		{06D414AF-2655-4568-B54F-2B66AFD995CE}.Debug|Any CPU.ActiveCfg = Debug|Any CPU
		{06D414AF-2655-4568-B54F-2B66AFD995CE}.Debug|Any CPU.Build.0 = Debug|Any CPU
		{06D414AF-2655-4568-B54F-2B66AFD995CE}.Release|Any CPU.ActiveCfg = Release|Any CPU
		{06D414AF-2655-4568-B54F-2B66AFD995CE}.Release|Any CPU.Build.0 = Release|Any CPU
		{BAF58274-DA07-437E-A873-D4BA7227A317}.Debug|Any CPU.ActiveCfg = Debug|Any CPU
		{BAF58274-DA07-437E-A873-D4BA7227A317}.Debug|Any CPU.Build.0 = Debug|Any CPU
		{BAF58274-DA07-437E-A873-D4BA7227A317}.Release|Any CPU.ActiveCfg = Release|Any CPU
		{BAF58274-DA07-437E-A873-D4BA7227A317}.Release|Any CPU.Build.0 = Release|Any CPU
	EndGlobalSection
	GlobalSection(SolutionProperties) = preSolution
		HideSolutionNode = FALSE
	EndGlobalSection
	GlobalSection(ExtensibilityGlobals) = postSolution
		SolutionGuid = {FDEA4EFF-2AF3-4EC5-8683-45FA3C32D79A}
	EndGlobalSection
EndGlobal
